
Microsoft Visual Studio Solution File, Format Version 12.00
# Visual Studio 15
VisualStudioVersion = 15.0.28010.2046
MinimumVisualStudioVersion = 10.0.40219.1
Project("{FAE04EC0-301F-11D3-BF4B-00C04F79EFBC}") = "BucBoard", "BucBoard\BucBoard.csproj", "{1953C8B2-2800-4FBE-9CEB-EC15335324D1}"
EndProject
Project("{FAE04EC0-301F-11D3-BF4B-00C04F79EFBC}") = "BucBoard.Tests", "BucBoard.Tests\BucBoard.Tests.csproj", "{7BCE8574-49A0-4C0E-B72B-9A658397E07F}"
EndProject
Global
	GlobalSection(SolutionConfigurationPlatforms) = preSolution
		Debug|Any CPU = Debug|Any CPU
		Release|Any CPU = Release|Any CPU
	EndGlobalSection
	GlobalSection(ProjectConfigurationPlatforms) = postSolution
		{1953C8B2-2800-4FBE-9CEB-EC15335324D1}.Debug|Any CPU.ActiveCfg = Debug|Any CPU
		{1953C8B2-2800-4FBE-9CEB-EC15335324D1}.Debug|Any CPU.Build.0 = Debug|Any CPU
		{1953C8B2-2800-4FBE-9CEB-EC15335324D1}.Release|Any CPU.ActiveCfg = Release|Any CPU
		{1953C8B2-2800-4FBE-9CEB-EC15335324D1}.Release|Any CPU.Build.0 = Release|Any CPU
		{7BCE8574-49A0-4C0E-B72B-9A658397E07F}.Debug|Any CPU.ActiveCfg = Debug|Any CPU
		{7BCE8574-49A0-4C0E-B72B-9A658397E07F}.Debug|Any CPU.Build.0 = Debug|Any CPU
		{7BCE8574-49A0-4C0E-B72B-9A658397E07F}.Release|Any CPU.ActiveCfg = Release|Any CPU
		{7BCE8574-49A0-4C0E-B72B-9A658397E07F}.Release|Any CPU.Build.0 = Release|Any CPU
	EndGlobalSection
	GlobalSection(SolutionProperties) = preSolution
		HideSolutionNode = FALSE
	EndGlobalSection
	GlobalSection(ExtensibilityGlobals) = postSolution
		SolutionGuid = {EACC222F-7CCC-4DED-8D73-240FD122C167}
	EndGlobalSection
EndGlobal
